
Microsoft Visual Studio Solution File, Format Version 12.00
# Visual Studio Version 17
VisualStudioVersion = 17.3.32825.248
MinimumVisualStudioVersion = 10.0.40219.1
Project("{8BC9CEB8-8B4A-11D0-8D11-00A0C91BC942}") = "ttamwork", "ttamwork.vcxproj", "{CCF6A72B-C492-4100-963C-8047E843A0B3}"
EndProject
Global
	GlobalSection(SolutionConfigurationPlatforms) = preSolution
		Debug|x64 = Debug|x64
		Debug|x86 = Debug|x86
		Release|x64 = Release|x64
		Release|x86 = Release|x86
	EndGlobalSection
	GlobalSection(ProjectConfigurationPlatforms) = postSolution
		{CCF6A72B-C492-4100-963C-8047E843A0B3}.Debug|x64.ActiveCfg = Debug|x64
		{CCF6A72B-C492-4100-963C-8047E843A0B3}.Debug|x64.Build.0 = Debug|x64
		{CCF6A72B-C492-4100-963C-8047E843A0B3}.Debug|x86.ActiveCfg = Debug|Win32
		{CCF6A72B-C492-4100-963C-8047E843A0B3}.Debug|x86.Build.0 = Debug|Win32
		{CCF6A72B-C492-4100-963C-8047E843A0B3}.Release|x64.ActiveCfg = Release|x64
		{CCF6A72B-C492-4100-963C-8047E843A0B3}.Release|x64.Build.0 = Release|x64
		{CCF6A72B-C492-4100-963C-8047E843A0B3}.Release|x86.ActiveCfg = Release|Win32
		{CCF6A72B-C492-4100-963C-8047E843A0B3}.Release|x86.Build.0 = Release|Win32
	EndGlobalSection
	GlobalSection(SolutionProperties) = preSolution
		HideSolutionNode = FALSE
	EndGlobalSection
	GlobalSection(ExtensibilityGlobals) = postSolution
		SolutionGuid = {187876F3-C755-43FE-8EBC-B20035C0C8C4}
	EndGlobalSection
EndGlobal
